
Microsoft Visual Studio Solution File, Format Version 12.00
# Visual Studio Version 17
VisualStudioVersion = 17.7.34009.444
MinimumVisualStudioVersion = 10.0.40219.1
Project("{9A19103F-16F7-4668-BE54-9A1E7A4F7556}") = "EventApp.WebAPI", "EventApp.WebAPI.csproj", "{CD70C5E5-F52E-4B02-A20B-CFE5A2E9C826}"
EndProject
Project("{9A19103F-16F7-4668-BE54-9A1E7A4F7556}") = "EventApp.Service", "..\EventApp.Service\EventApp.Service.csproj", "{A0D8577E-5B89-4C27-825F-AD77B4C661D8}"
EndProject
Project("{9A19103F-16F7-4668-BE54-9A1E7A4F7556}") = "EventApp.Entities", "..\EventApp.Entities\EventApp.Entities.csproj", "{CF75F34F-BD39-418E-A4ED-58025B64B17D}"
EndProject
Project("{9A19103F-16F7-4668-BE54-9A1E7A4F7556}") = "EventApp.DataAccess", "..\EventApp.DataAccess\EventApp.DataAccess.csproj", "{2961B986-164F-4CB6-9786-D0A6C992C6F0}"
EndProject
Project("{FAE04EC0-301F-11D3-BF4B-00C04F79EFBC}") = "EventApp.Core", "..\EventApp.Core\EventApp.Core.csproj", "{1B27E8E5-4377-43BF-A610-7E2917F98ACD}"
EndProject
Global
	GlobalSection(SolutionConfigurationPlatforms) = preSolution
		Debug|Any CPU = Debug|Any CPU
		Release|Any CPU = Release|Any CPU
	EndGlobalSection
	GlobalSection(ProjectConfigurationPlatforms) = postSolution
		{CD70C5E5-F52E-4B02-A20B-CFE5A2E9C826}.Debug|Any CPU.ActiveCfg = Debug|Any CPU
		{CD70C5E5-F52E-4B02-A20B-CFE5A2E9C826}.Debug|Any CPU.Build.0 = Debug|Any CPU
		{CD70C5E5-F52E-4B02-A20B-CFE5A2E9C826}.Release|Any CPU.ActiveCfg = Release|Any CPU
		{CD70C5E5-F52E-4B02-A20B-CFE5A2E9C826}.Release|Any CPU.Build.0 = Release|Any CPU
		{A0D8577E-5B89-4C27-825F-AD77B4C661D8}.Debug|Any CPU.ActiveCfg = Debug|Any CPU
		{A0D8577E-5B89-4C27-825F-AD77B4C661D8}.Debug|Any CPU.Build.0 = Debug|Any CPU
		{A0D8577E-5B89-4C27-825F-AD77B4C661D8}.Release|Any CPU.ActiveCfg = Release|Any CPU
		{A0D8577E-5B89-4C27-825F-AD77B4C661D8}.Release|Any CPU.Build.0 = Release|Any CPU
		{CF75F34F-BD39-418E-A4ED-58025B64B17D}.Debug|Any CPU.ActiveCfg = Debug|Any CPU
		{CF75F34F-BD39-418E-A4ED-58025B64B17D}.Debug|Any CPU.Build.0 = Debug|Any CPU
		{CF75F34F-BD39-418E-A4ED-58025B64B17D}.Release|Any CPU.ActiveCfg = Release|Any CPU
		{CF75F34F-BD39-418E-A4ED-58025B64B17D}.Release|Any CPU.Build.0 = Release|Any CPU
		{2961B986-164F-4CB6-9786-D0A6C992C6F0}.Debug|Any CPU.ActiveCfg = Debug|Any CPU
		{2961B986-164F-4CB6-9786-D0A6C992C6F0}.Debug|Any CPU.Build.0 = Debug|Any CPU
		{2961B986-164F-4CB6-9786-D0A6C992C6F0}.Release|Any CPU.ActiveCfg = Release|Any CPU
		{2961B986-164F-4CB6-9786-D0A6C992C6F0}.Release|Any CPU.Build.0 = Release|Any CPU
		{1B27E8E5-4377-43BF-A610-7E2917F98ACD}.Debug|Any CPU.ActiveCfg = Debug|Any CPU
		{1B27E8E5-4377-43BF-A610-7E2917F98ACD}.Debug|Any CPU.Build.0 = Debug|Any CPU
		{1B27E8E5-4377-43BF-A610-7E2917F98ACD}.Release|Any CPU.ActiveCfg = Release|Any CPU
		{1B27E8E5-4377-43BF-A610-7E2917F98ACD}.Release|Any CPU.Build.0 = Release|Any CPU
	EndGlobalSection
	GlobalSection(SolutionProperties) = preSolution
		HideSolutionNode = FALSE
	EndGlobalSection
	GlobalSection(ExtensibilityGlobals) = postSolution
		SolutionGuid = {75F6D687-27B4-4226-A0C7-4E64DA93754D}
	EndGlobalSection
EndGlobal
